
Microsoft Visual Studio Solution File, Format Version 12.00
# Visual Studio 15
VisualStudioVersion = 15.0.28307.102
MinimumVisualStudioVersion = 10.0.40219.1
Project("{FAE04EC0-301F-11D3-BF4B-00C04F79EFBC}") = "DemoAPI", "DemoAPI\DemoAPI.csproj", "{6DA3E8A0-80D2-4170-B2D2-9247826B9EEE}"
EndProject
Global
	GlobalSection(SolutionConfigurationPlatforms) = preSolution
		Debug|Any CPU = Debug|Any CPU
		Release|Any CPU = Release|Any CPU
	EndGlobalSection
	GlobalSection(ProjectConfigurationPlatforms) = postSolution
		{6DA3E8A0-80D2-4170-B2D2-9247826B9EEE}.Debug|Any CPU.ActiveCfg = Debug|Any CPU
		{6DA3E8A0-80D2-4170-B2D2-9247826B9EEE}.Debug|Any CPU.Build.0 = Debug|Any CPU
		{6DA3E8A0-80D2-4170-B2D2-9247826B9EEE}.Release|Any CPU.ActiveCfg = Release|Any CPU
		{6DA3E8A0-80D2-4170-B2D2-9247826B9EEE}.Release|Any CPU.Build.0 = Release|Any CPU
	EndGlobalSection
	GlobalSection(SolutionProperties) = preSolution
		HideSolutionNode = FALSE
	EndGlobalSection
	GlobalSection(ExtensibilityGlobals) = postSolution
		SolutionGuid = {9107AD4A-EA4F-45A3-BFBC-2991C8227A92}
	EndGlobalSection
EndGlobal
